// !$*UTF8*$!
{
	archiveVersion = 1;
	classes = {
	};
	objectVersion = 46;
	objects = {

/* Begin PBXBuildFile section */
		2634791916BBDEFC00DEE5A8 /* AMQPChannel.m in Sources */ = {isa = PBXBuildFile; fileRef = 263478F816BBDEFC00DEE5A8 /* AMQPChannel.m */; };
		2634791A16BBDEFC00DEE5A8 /* AMQPConnection.m in Sources */ = {isa = PBXBuildFile; fileRef = 263478FA16BBDEFC00DEE5A8 /* AMQPConnection.m */; };
		2634791B16BBDEFC00DEE5A8 /* AMQPConsumer.m in Sources */ = {isa = PBXBuildFile; fileRef = 263478FC16BBDEFC00DEE5A8 /* AMQPConsumer.m */; };
		2634791C16BBDEFC00DEE5A8 /* AMQPConsumerThread.m in Sources */ = {isa = PBXBuildFile; fileRef = 263478FE16BBDEFC00DEE5A8 /* AMQPConsumerThread.m */; };
		2634791D16BBDEFC00DEE5A8 /* AMQPExchange.m in Sources */ = {isa = PBXBuildFile; fileRef = 2634790116BBDEFC00DEE5A8 /* AMQPExchange.m */; };
		2634791E16BBDEFC00DEE5A8 /* AMQPMessage.m in Sources */ = {isa = PBXBuildFile; fileRef = 2634790316BBDEFC00DEE5A8 /* AMQPMessage.m */; };
		2634791F16BBDEFC00DEE5A8 /* AMQPObject.m in Sources */ = {isa = PBXBuildFile; fileRef = 2634790516BBDEFC00DEE5A8 /* AMQPObject.m */; };
		2634792016BBDEFC00DEE5A8 /* AMQPQueue.m in Sources */ = {isa = PBXBuildFile; fileRef = 2634790716BBDEFC00DEE5A8 /* AMQPQueue.m */; };
		2634792116BBDEFC00DEE5A8 /* AMQPRPCCall.m in Sources */ = {isa = PBXBuildFile; fileRef = 2634790916BBDEFC00DEE5A8 /* AMQPRPCCall.m */; };
		2634792216BBDEFC00DEE5A8 /* amqp_api.c in Sources */ = {isa = PBXBuildFile; fileRef = 2634790D16BBDEFC00DEE5A8 /* amqp_api.c */; };
		2634792316BBDEFC00DEE5A8 /* amqp_connection.c in Sources */ = {isa = PBXBuildFile; fileRef = 2634790E16BBDEFC00DEE5A8 /* amqp_connection.c */; };
		2634792416BBDEFC00DEE5A8 /* amqp_debug.c in Sources */ = {isa = PBXBuildFile; fileRef = 2634790F16BBDEFC00DEE5A8 /* amqp_debug.c */; };
		2634792516BBDEFC00DEE5A8 /* amqp_framing.c in Sources */ = {isa = PBXBuildFile; fileRef = 2634791016BBDEFC00DEE5A8 /* amqp_framing.c */; };
		2634792616BBDEFC00DEE5A8 /* amqp_mem.c in Sources */ = {isa = PBXBuildFile; fileRef = 2634791216BBDEFC00DEE5A8 /* amqp_mem.c */; };
		2634792716BBDEFC00DEE5A8 /* amqp_socket.c in Sources */ = {isa = PBXBuildFile; fileRef = 2634791416BBDEFC00DEE5A8 /* amqp_socket.c */; };
		2634792816BBDEFC00DEE5A8 /* amqp_table.c in Sources */ = {isa = PBXBuildFile; fileRef = 2634791516BBDEFC00DEE5A8 /* amqp_table.c */; };
		2634792916BBDEFC00DEE5A8 /* socket.c in Sources */ = {isa = PBXBuildFile; fileRef = 2634791716BBDEFC00DEE5A8 /* socket.c */; };
		2CE732FE87B8C9ADC3940E3C /* InfoPlist.strings in Resources */ = {isa = PBXBuildFile; fileRef = 2CE730D549052E9AADDE35F9 /* InfoPlist.strings */; };
		2CE738FE206C5BBC7D1DCFAD /* AMQProtocol.h in CopyFiles */ = {isa = PBXBuildFile; fileRef = 2CE73A1A1C55B0FE64341DB5 /* AMQProtocol.h */; };
		2CE73ADE89CA7C1C05FD035F /* AMQProtocol.m in Sources */ = {isa = PBXBuildFile; fileRef = 2CE73F6FAB9043D1AFA9D036 /* AMQProtocol.m */; };
		2CE73C7A80713CF127155575 /* SenTestingKit.framework in Frameworks */ = {isa = PBXBuildFile; fileRef = 2CE73D83AF3FA52768CAE471 /* SenTestingKit.framework */; };
/* End PBXBuildFile section */

/* Begin PBXContainerItemProxy section */
		2CE738F6345626642CC012D1 /* PBXContainerItemProxy */ = {
			isa = PBXContainerItemProxy;
			containerPortal = 2CE7385B6D219DD6476BBC7A /* Project object */;
			proxyType = 1;
			remoteGlobalIDString = 2CE73D4FE25C40F838C50CA1;
			remoteInfo = AMQProtocol;
		};
/* End PBXContainerItemProxy section */

/* Begin PBXCopyFilesBuildPhase section */
		2CE738CD1F2DC5E24A38FE30 /* CopyFiles */ = {
			isa = PBXCopyFilesBuildPhase;
			buildActionMask = 2147483647;
			dstPath = "include/${PRODUCT_NAME}";
			dstSubfolderSpec = 16;
			files = (
				2CE738FE206C5BBC7D1DCFAD /* AMQProtocol.h in CopyFiles */,
			);
			runOnlyForDeploymentPostprocessing = 0;
		};
/* End PBXCopyFilesBuildPhase section */

/* Begin PBXFileReference section */
		263478F716BBDEFC00DEE5A8 /* AMQPChannel.h */ = {isa = PBXFileReference; fileEncoding = 4; lastKnownFileType = sourcecode.c.h; path = AMQPChannel.h; sourceTree = "<group>"; };
		263478F816BBDEFC00DEE5A8 /* AMQPChannel.m */ = {isa = PBXFileReference; fileEncoding = 4; lastKnownFileType = sourcecode.c.objc; path = AMQPChannel.m; sourceTree = "<group>"; };
		263478F916BBDEFC00DEE5A8 /* AMQPConnection.h */ = {isa = PBXFileReference; fileEncoding = 4; lastKnownFileType = sourcecode.c.h; path = AMQPConnection.h; sourceTree = "<group>"; };
		263478FA16BBDEFC00DEE5A8 /* AMQPConnection.m */ = {isa = PBXFileReference; fileEncoding = 4; lastKnownFileType = sourcecode.c.objc; path = AMQPConnection.m; sourceTree = "<group>"; };
		263478FB16BBDEFC00DEE5A8 /* AMQPConsumer.h */ = {isa = PBXFileReference; fileEncoding = 4; lastKnownFileType = sourcecode.c.h; path = AMQPConsumer.h; sourceTree = "<group>"; };
		263478FC16BBDEFC00DEE5A8 /* AMQPConsumer.m */ = {isa = PBXFileReference; fileEncoding = 4; lastKnownFileType = sourcecode.c.objc; path = AMQPConsumer.m; sourceTree = "<group>"; };
		263478FD16BBDEFC00DEE5A8 /* AMQPConsumerThread.h */ = {isa = PBXFileReference; fileEncoding = 4; lastKnownFileType = sourcecode.c.h; path = AMQPConsumerThread.h; sourceTree = "<group>"; };
		263478FE16BBDEFC00DEE5A8 /* AMQPConsumerThread.m */ = {isa = PBXFileReference; fileEncoding = 4; lastKnownFileType = sourcecode.c.objc; path = AMQPConsumerThread.m; sourceTree = "<group>"; };
		263478FF16BBDEFC00DEE5A8 /* AMQPConsumerThreadDelegate.h */ = {isa = PBXFileReference; fileEncoding = 4; lastKnownFileType = sourcecode.c.h; path = AMQPConsumerThreadDelegate.h; sourceTree = "<group>"; };
		2634790016BBDEFC00DEE5A8 /* AMQPExchange.h */ = {isa = PBXFileReference; fileEncoding = 4; lastKnownFileType = sourcecode.c.h; path = AMQPExchange.h; sourceTree = "<group>"; };
		2634790116BBDEFC00DEE5A8 /* AMQPExchange.m */ = {isa = PBXFileReference; fileEncoding = 4; lastKnownFileType = sourcecode.c.objc; path = AMQPExchange.m; sourceTree = "<group>"; };
		2634790216BBDEFC00DEE5A8 /* AMQPMessage.h */ = {isa = PBXFileReference; fileEncoding = 4; lastKnownFileType = sourcecode.c.h; path = AMQPMessage.h; sourceTree = "<group>"; };
		2634790316BBDEFC00DEE5A8 /* AMQPMessage.m */ = {isa = PBXFileReference; fileEncoding = 4; lastKnownFileType = sourcecode.c.objc; path = AMQPMessage.m; sourceTree = "<group>"; };
		2634790416BBDEFC00DEE5A8 /* AMQPObject.h */ = {isa = PBXFileReference; fileEncoding = 4; lastKnownFileType = sourcecode.c.h; path = AMQPObject.h; sourceTree = "<group>"; };
		2634790516BBDEFC00DEE5A8 /* AMQPObject.m */ = {isa = PBXFileReference; fileEncoding = 4; lastKnownFileType = sourcecode.c.objc; path = AMQPObject.m; sourceTree = "<group>"; };
		2634790616BBDEFC00DEE5A8 /* AMQPQueue.h */ = {isa = PBXFileReference; fileEncoding = 4; lastKnownFileType = sourcecode.c.h; path = AMQPQueue.h; sourceTree = "<group>"; };
		2634790716BBDEFC00DEE5A8 /* AMQPQueue.m */ = {isa = PBXFileReference; fileEncoding = 4; lastKnownFileType = sourcecode.c.objc; path = AMQPQueue.m; sourceTree = "<group>"; };
		2634790816BBDEFC00DEE5A8 /* AMQPRPCCall.h */ = {isa = PBXFileReference; fileEncoding = 4; lastKnownFileType = sourcecode.c.h; path = AMQPRPCCall.h; sourceTree = "<group>"; };
		2634790916BBDEFC00DEE5A8 /* AMQPRPCCall.m */ = {isa = PBXFileReference; fileEncoding = 4; lastKnownFileType = sourcecode.c.objc; path = AMQPRPCCall.m; sourceTree = "<group>"; };
		2634790A16BBDEFC00DEE5A8 /* AMQPWrapper.h */ = {isa = PBXFileReference; fileEncoding = 4; lastKnownFileType = sourcecode.c.h; path = AMQPWrapper.h; sourceTree = "<group>"; };
		2634790C16BBDEFC00DEE5A8 /* amqp.h */ = {isa = PBXFileReference; fileEncoding = 4; lastKnownFileType = sourcecode.c.h; path = amqp.h; sourceTree = "<group>"; };
		2634790D16BBDEFC00DEE5A8 /* amqp_api.c */ = {isa = PBXFileReference; fileEncoding = 4; lastKnownFileType = sourcecode.c.c; path = amqp_api.c; sourceTree = "<group>"; };
		2634790E16BBDEFC00DEE5A8 /* amqp_connection.c */ = {isa = PBXFileReference; fileEncoding = 4; lastKnownFileType = sourcecode.c.c; path = amqp_connection.c; sourceTree = "<group>"; };
		2634790F16BBDEFC00DEE5A8 /* amqp_debug.c */ = {isa = PBXFileReference; fileEncoding = 4; lastKnownFileType = sourcecode.c.c; path = amqp_debug.c; sourceTree = "<group>"; };
		2634791016BBDEFC00DEE5A8 /* amqp_framing.c */ = {isa = PBXFileReference; fileEncoding = 4; lastKnownFileType = sourcecode.c.c; path = amqp_framing.c; sourceTree = "<group>"; };
		2634791116BBDEFC00DEE5A8 /* amqp_framing.h */ = {isa = PBXFileReference; fileEncoding = 4; lastKnownFileType = sourcecode.c.h; path = amqp_framing.h; sourceTree = "<group>"; };
		2634791216BBDEFC00DEE5A8 /* amqp_mem.c */ = {isa = PBXFileReference; fileEncoding = 4; lastKnownFileType = sourcecode.c.c; path = amqp_mem.c; sourceTree = "<group>"; };
		2634791316BBDEFC00DEE5A8 /* amqp_private.h */ = {isa = PBXFileReference; fileEncoding = 4; lastKnownFileType = sourcecode.c.h; path = amqp_private.h; sourceTree = "<group>"; };
		2634791416BBDEFC00DEE5A8 /* amqp_socket.c */ = {isa = PBXFileReference; fileEncoding = 4; lastKnownFileType = sourcecode.c.c; path = amqp_socket.c; sourceTree = "<group>"; };
		2634791516BBDEFC00DEE5A8 /* amqp_table.c */ = {isa = PBXFileReference; fileEncoding = 4; lastKnownFileType = sourcecode.c.c; path = amqp_table.c; sourceTree = "<group>"; };
		2634791616BBDEFC00DEE5A8 /* config.h */ = {isa = PBXFileReference; fileEncoding = 4; lastKnownFileType = sourcecode.c.h; path = config.h; sourceTree = "<group>"; };
		2634791716BBDEFC00DEE5A8 /* socket.c */ = {isa = PBXFileReference; fileEncoding = 4; lastKnownFileType = sourcecode.c.c; path = socket.c; sourceTree = "<group>"; };
		2634791816BBDEFC00DEE5A8 /* socket.h */ = {isa = PBXFileReference; fileEncoding = 4; lastKnownFileType = sourcecode.c.h; path = socket.h; sourceTree = "<group>"; };
		2CE7304CE0E376A9DB0A44A4 /* AMQProtocolTests-Info.plist */ = {isa = PBXFileReference; lastKnownFileType = text.plist.info; path = "AMQProtocolTests-Info.plist"; sourceTree = "<group>"; };
		2CE730AA0E848A96E48EB5D2 /* AMQProtocolTests.h */ = {isa = PBXFileReference; lastKnownFileType = sourcecode.c.h; path = AMQProtocolTests.h; sourceTree = "<group>"; };
		2CE730F62417DC671003B906 /* AMQProtocol-Prefix.pch */ = {isa = PBXFileReference; lastKnownFileType = sourcecode.c.h; path = "AMQProtocol-Prefix.pch"; sourceTree = "<group>"; };
		2CE739953395D0194FE0EDA9 /* README.md */ = {isa = PBXFileReference; lastKnownFileType = file.md; path = README.md; sourceTree = "<group>"; };
		2CE73A1A1C55B0FE64341DB5 /* AMQProtocol.h */ = {isa = PBXFileReference; lastKnownFileType = sourcecode.c.h; path = AMQProtocol.h; sourceTree = "<group>"; };
		2CE73A35F8B4A6073DDDC5D8 /* Foundation.framework */ = {isa = PBXFileReference; lastKnownFileType = wrapper.framework; name = Foundation.framework; path = System/Library/Frameworks/Foundation.framework; sourceTree = SDKROOT; };
		2CE73CD568BD863CA8830E8C /* libAMQProtocol.a */ = {isa = PBXFileReference; explicitFileType = archive.ar; includeInIndex = 0; path = libAMQProtocol.a; sourceTree = BUILT_PRODUCTS_DIR; };
		2CE73D139454270D4FE0B121 /* en */ = {isa = PBXFileReference; lastKnownFileType = text.plist.strings; name = en; path = en.lproj/InfoPlist.strings; sourceTree = "<group>"; };
		2CE73D83AF3FA52768CAE471 /* SenTestingKit.framework */ = {isa = PBXFileReference; lastKnownFileType = wrapper.framework; name = SenTestingKit.framework; path = Library/Frameworks/SenTestingKit.framework; sourceTree = DEVELOPER_DIR; };
		2CE73F3890919DAE5FB56F53 /* AMQProtocolTests.m */ = {isa = PBXFileReference; lastKnownFileType = sourcecode.c.objc; path = AMQProtocolTests.m; sourceTree = "<group>"; };
		2CE73F517EC8FED291A07FE0 /* AMQProtocolTests.octest */ = {isa = PBXFileReference; explicitFileType = wrapper.cfbundle; includeInIndex = 0; path = AMQProtocolTests.octest; sourceTree = BUILT_PRODUCTS_DIR; };
		2CE73F6FAB9043D1AFA9D036 /* AMQProtocol.m */ = {isa = PBXFileReference; lastKnownFileType = sourcecode.c.objc; path = AMQProtocol.m; sourceTree = "<group>"; };
/* End PBXFileReference section */

/* Begin PBXFrameworksBuildPhase section */
		2CE735041D902A57A6B68EA6 /* Frameworks */ = {
			isa = PBXFrameworksBuildPhase;
			buildActionMask = 2147483647;
			files = (
				2CE73C7A80713CF127155575 /* SenTestingKit.framework in Frameworks */,
			);
			runOnlyForDeploymentPostprocessing = 0;
		};
		2CE73A827D82CCA60CFE0CD4 /* Frameworks */ = {
			isa = PBXFrameworksBuildPhase;
			buildActionMask = 2147483647;
			files = (
			);
			runOnlyForDeploymentPostprocessing = 0;
		};
/* End PBXFrameworksBuildPhase section */

/* Begin PBXGroup section */
		263478F616BBDEFC00DEE5A8 /* AMQPWrapper */ = {
			isa = PBXGroup;
			children = (
				263478F716BBDEFC00DEE5A8 /* AMQPChannel.h */,
				263478F816BBDEFC00DEE5A8 /* AMQPChannel.m */,
				263478F916BBDEFC00DEE5A8 /* AMQPConnection.h */,
				263478FA16BBDEFC00DEE5A8 /* AMQPConnection.m */,
				263478FB16BBDEFC00DEE5A8 /* AMQPConsumer.h */,
				263478FC16BBDEFC00DEE5A8 /* AMQPConsumer.m */,
				263478FD16BBDEFC00DEE5A8 /* AMQPConsumerThread.h */,
				263478FE16BBDEFC00DEE5A8 /* AMQPConsumerThread.m */,
				263478FF16BBDEFC00DEE5A8 /* AMQPConsumerThreadDelegate.h */,
				2634790016BBDEFC00DEE5A8 /* AMQPExchange.h */,
				2634790116BBDEFC00DEE5A8 /* AMQPExchange.m */,
				2634790216BBDEFC00DEE5A8 /* AMQPMessage.h */,
				2634790316BBDEFC00DEE5A8 /* AMQPMessage.m */,
				2634790416BBDEFC00DEE5A8 /* AMQPObject.h */,
				2634790516BBDEFC00DEE5A8 /* AMQPObject.m */,
				2634790616BBDEFC00DEE5A8 /* AMQPQueue.h */,
				2634790716BBDEFC00DEE5A8 /* AMQPQueue.m */,
				2634790816BBDEFC00DEE5A8 /* AMQPRPCCall.h */,
				2634790916BBDEFC00DEE5A8 /* AMQPRPCCall.m */,
				2634790A16BBDEFC00DEE5A8 /* AMQPWrapper.h */,
				2634790B16BBDEFC00DEE5A8 /* libRabbitMQ-C */,
			);
			path = AMQPWrapper;
			sourceTree = "<group>";
		};
		2634790B16BBDEFC00DEE5A8 /* libRabbitMQ-C */ = {
			isa = PBXGroup;
			children = (
				2634790C16BBDEFC00DEE5A8 /* amqp.h */,
				2634790D16BBDEFC00DEE5A8 /* amqp_api.c */,
				2634790E16BBDEFC00DEE5A8 /* amqp_connection.c */,
				2634790F16BBDEFC00DEE5A8 /* amqp_debug.c */,
				2634791016BBDEFC00DEE5A8 /* amqp_framing.c */,
				2634791116BBDEFC00DEE5A8 /* amqp_framing.h */,
				2634791216BBDEFC00DEE5A8 /* amqp_mem.c */,
				2634791316BBDEFC00DEE5A8 /* amqp_private.h */,
				2634791416BBDEFC00DEE5A8 /* amqp_socket.c */,
				2634791516BBDEFC00DEE5A8 /* amqp_table.c */,
				2634791616BBDEFC00DEE5A8 /* config.h */,
				2634791716BBDEFC00DEE5A8 /* socket.c */,
				2634791816BBDEFC00DEE5A8 /* socket.h */,
			);
			path = "libRabbitMQ-C";
			sourceTree = "<group>";
		};
		2CE7342DE25002A743F6407D = {
			isa = PBXGroup;
			children = (
				2CE73F09DD599195635F1C83 /* Products */,
				2CE738674F8EADDCA89920CF /* Frameworks */,
				2CE73A57DEC54671429C00B5 /* AMQProtocol */,
				2CE73E5B689EAA9E9DDBB997 /* AMQProtocolTests */,
			);
			sourceTree = "<group>";
		};
		2CE7384349EE8F07E8D905CB /* Supporting Files */ = {
			isa = PBXGroup;
			children = (
				2CE730F62417DC671003B906 /* AMQProtocol-Prefix.pch */,
			);
			name = "Supporting Files";
			sourceTree = "<group>";
		};
		2CE738674F8EADDCA89920CF /* Frameworks */ = {
			isa = PBXGroup;
			children = (
				2CE73A35F8B4A6073DDDC5D8 /* Foundation.framework */,
				2CE73D83AF3FA52768CAE471 /* SenTestingKit.framework */,
			);
			name = Frameworks;
			sourceTree = "<group>";
		};
		2CE73A57DEC54671429C00B5 /* AMQProtocol */ = {
			isa = PBXGroup;
			children = (
				263478F616BBDEFC00DEE5A8 /* AMQPWrapper */,
				2CE7384349EE8F07E8D905CB /* Supporting Files */,
				2CE73A1A1C55B0FE64341DB5 /* AMQProtocol.h */,
				2CE73F6FAB9043D1AFA9D036 /* AMQProtocol.m */,
				2CE739953395D0194FE0EDA9 /* README.md */,
			);
			path = AMQProtocol;
			sourceTree = "<group>";
		};
		2CE73E29CEBD5F732D75F3D3 /* Supporting Files */ = {
			isa = PBXGroup;
			children = (
				2CE7304CE0E376A9DB0A44A4 /* AMQProtocolTests-Info.plist */,
				2CE730D549052E9AADDE35F9 /* InfoPlist.strings */,
			);
			name = "Supporting Files";
			sourceTree = "<group>";
		};
		2CE73E5B689EAA9E9DDBB997 /* AMQProtocolTests */ = {
			isa = PBXGroup;
			children = (
				2CE73E29CEBD5F732D75F3D3 /* Supporting Files */,
				2CE730AA0E848A96E48EB5D2 /* AMQProtocolTests.h */,
				2CE73F3890919DAE5FB56F53 /* AMQProtocolTests.m */,
			);
			path = AMQProtocolTests;
			sourceTree = "<group>";
		};
		2CE73F09DD599195635F1C83 /* Products */ = {
			isa = PBXGroup;
			children = (
				2CE73CD568BD863CA8830E8C /* libAMQProtocol.a */,
				2CE73F517EC8FED291A07FE0 /* AMQProtocolTests.octest */,
			);
			name = Products;
			sourceTree = "<group>";
		};
/* End PBXGroup section */

/* Begin PBXNativeTarget section */
		2CE7390D5036437810001F20 /* AMQProtocolTests */ = {
			isa = PBXNativeTarget;
			buildConfigurationList = 2CE7301AA72A43D1E543A474 /* Build configuration list for PBXNativeTarget "AMQProtocolTests" */;
			buildPhases = (
				2CE73592FBCF839F11A75007 /* Sources */,
				2CE735041D902A57A6B68EA6 /* Frameworks */,
				2CE7338E0DE4D2B832C7B7AB /* Resources */,
				2CE7313BD3EE9C43822B6F3D /* ShellScript */,
			);
			buildRules = (
			);
			dependencies = (
				2CE73A4CBFF613AF1E38871D /* PBXTargetDependency */,
			);
			name = AMQProtocolTests;
			productName = AMQProtocolTests;
			productReference = 2CE73F517EC8FED291A07FE0 /* AMQProtocolTests.octest */;
			productType = "com.apple.product-type.bundle";
		};
		2CE73D4FE25C40F838C50CA1 /* AMQProtocol */ = {
			isa = PBXNativeTarget;
			buildConfigurationList = 2CE732563236AE64FD2E0ED5 /* Build configuration list for PBXNativeTarget "AMQProtocol" */;
			buildPhases = (
				2CE732DA27E380CE6CE5E571 /* Sources */,
				2CE73A827D82CCA60CFE0CD4 /* Frameworks */,
				2CE738CD1F2DC5E24A38FE30 /* CopyFiles */,
			);
			buildRules = (
			);
			dependencies = (
			);
			name = AMQProtocol;
			productName = AMQProtocol;
			productReference = 2CE73CD568BD863CA8830E8C /* libAMQProtocol.a */;
			productType = "com.apple.product-type.library.static";
		};
/* End PBXNativeTarget section */

/* Begin PBXProject section */
		2CE7385B6D219DD6476BBC7A /* Project object */ = {
			isa = PBXProject;
			buildConfigurationList = 2CE73628C343DF3A4DAADF35 /* Build configuration list for PBXProject "AMQProtocol" */;
			compatibilityVersion = "Xcode 3.2";
			developmentRegion = English;
			hasScannedForEncodings = 0;
			knownRegions = (
				en,
			);
			mainGroup = 2CE7342DE25002A743F6407D;
			productRefGroup = 2CE73F09DD599195635F1C83 /* Products */;
			projectDirPath = "";
			projectRoot = "";
			targets = (
				2CE73D4FE25C40F838C50CA1 /* AMQProtocol */,
				2CE7390D5036437810001F20 /* AMQProtocolTests */,
			);
		};
/* End PBXProject section */

/* Begin PBXResourcesBuildPhase section */
		2CE7338E0DE4D2B832C7B7AB /* Resources */ = {
			isa = PBXResourcesBuildPhase;
			buildActionMask = 2147483647;
			files = (
				2CE732FE87B8C9ADC3940E3C /* InfoPlist.strings in Resources */,
			);
			runOnlyForDeploymentPostprocessing = 0;
		};
/* End PBXResourcesBuildPhase section */

/* Begin PBXShellScriptBuildPhase section */
		2CE7313BD3EE9C43822B6F3D /* ShellScript */ = {
			isa = PBXShellScriptBuildPhase;
			buildActionMask = 2147483647;
			files = (
			);
			inputPaths = (
			);
			outputPaths = (
			);
			runOnlyForDeploymentPostprocessing = 0;
			shellPath = /bin/sh;
			shellScript = "# Run the unit tests in this test bundle.\n\"${SYSTEM_DEVELOPER_DIR}/Tools/RunUnitTests\"\n";
		};
/* End PBXShellScriptBuildPhase section */

/* Begin PBXSourcesBuildPhase section */
		2CE732DA27E380CE6CE5E571 /* Sources */ = {
			isa = PBXSourcesBuildPhase;
			buildActionMask = 2147483647;
			files = (
				2CE73ADE89CA7C1C05FD035F /* AMQProtocol.m in Sources */,
				2634791916BBDEFC00DEE5A8 /* AMQPChannel.m in Sources */,
				2634791A16BBDEFC00DEE5A8 /* AMQPConnection.m in Sources */,
				2634791B16BBDEFC00DEE5A8 /* AMQPConsumer.m in Sources */,
				2634791C16BBDEFC00DEE5A8 /* AMQPConsumerThread.m in Sources */,
				2634791D16BBDEFC00DEE5A8 /* AMQPExchange.m in Sources */,
				2634791E16BBDEFC00DEE5A8 /* AMQPMessage.m in Sources */,
				2634791F16BBDEFC00DEE5A8 /* AMQPObject.m in Sources */,
				2634792016BBDEFC00DEE5A8 /* AMQPQueue.m in Sources */,
				2634792116BBDEFC00DEE5A8 /* AMQPRPCCall.m in Sources */,
				2634792216BBDEFC00DEE5A8 /* amqp_api.c in Sources */,
				2634792316BBDEFC00DEE5A8 /* amqp_connection.c in Sources */,
				2634792416BBDEFC00DEE5A8 /* amqp_debug.c in Sources */,
				2634792516BBDEFC00DEE5A8 /* amqp_framing.c in Sources */,
				2634792616BBDEFC00DEE5A8 /* amqp_mem.c in Sources */,
				2634792716BBDEFC00DEE5A8 /* amqp_socket.c in Sources */,
				2634792816BBDEFC00DEE5A8 /* amqp_table.c in Sources */,
				2634792916BBDEFC00DEE5A8 /* socket.c in Sources */,
			);
			runOnlyForDeploymentPostprocessing = 0;
		};
		2CE73592FBCF839F11A75007 /* Sources */ = {
			isa = PBXSourcesBuildPhase;
			buildActionMask = 2147483647;
			files = (
			);
			runOnlyForDeploymentPostprocessing = 0;
		};
/* End PBXSourcesBuildPhase section */

/* Begin PBXTargetDependency section */
		2CE73A4CBFF613AF1E38871D /* PBXTargetDependency */ = {
			isa = PBXTargetDependency;
			target = 2CE73D4FE25C40F838C50CA1 /* AMQProtocol */;
			targetProxy = 2CE738F6345626642CC012D1 /* PBXContainerItemProxy */;
		};
/* End PBXTargetDependency section */

/* Begin PBXVariantGroup section */
		2CE730D549052E9AADDE35F9 /* InfoPlist.strings */ = {
			isa = PBXVariantGroup;
			children = (
				2CE73D139454270D4FE0B121 /* en */,
			);
			name = InfoPlist.strings;
			sourceTree = "<group>";
		};
/* End PBXVariantGroup section */

/* Begin XCBuildConfiguration section */
		2CE739861DA5A70DEC3174B5 /* Release */ = {
			isa = XCBuildConfiguration;
			buildSettings = {
				DSTROOT = /tmp/AMQProtocol.dst;
				GCC_PRECOMPILE_PREFIX_HEADER = YES;
				GCC_PREFIX_HEADER = "AMQProtocol/AMQProtocol-Prefix.pch";
				HEADER_SEARCH_PATHS = "$(DEVELOPER_LIBRARY_DIR)/**";
				OTHER_LDFLAGS = "-ObjC";
				PRODUCT_NAME = "$(TARGET_NAME)";
				SKIP_INSTALL = YES;
			};
			name = Release;
		};
		2CE73AACA7B7465E6FFC0CC5 /* Debug */ = {
			isa = XCBuildConfiguration;
			buildSettings = {
				FRAMEWORK_SEARCH_PATHS = (
					"\"$(SDKROOT)/Developer/Library/Frameworks\"",
					"\"$(DEVELOPER_LIBRARY_DIR)/Frameworks\"",
				);
				GCC_PRECOMPILE_PREFIX_HEADER = YES;
				GCC_PREFIX_HEADER = "AMQProtocol/AMQProtocol-Prefix.pch";
				INFOPLIST_FILE = "AMQProtocolTests/AMQProtocolTests-Info.plist";
				PRODUCT_NAME = "$(TARGET_NAME)";
				WRAPPER_EXTENSION = octest;
			};
			name = Debug;
		};
		2CE73B4081FFB85340E5C3AC /* Release */ = {
			isa = XCBuildConfiguration;
			buildSettings = {
				ALWAYS_SEARCH_USER_PATHS = NO;
				CLANG_CXX_LANGUAGE_STANDARD = "gnu++0x";
				CLANG_CXX_LIBRARY = "libc++";
				CLANG_ENABLE_OBJC_ARC = YES;
				CLANG_WARN_EMPTY_BODY = YES;
				CLANG_WARN__DUPLICATE_METHOD_MATCH = YES;
				COPY_PHASE_STRIP = YES;
				GCC_C_LANGUAGE_STANDARD = gnu99;
				GCC_WARN_ABOUT_RETURN_TYPE = YES;
				GCC_WARN_UNINITIALIZED_AUTOS = YES;
				GCC_WARN_UNUSED_VARIABLE = YES;
				IPHONEOS_DEPLOYMENT_TARGET = 6.0;
				SDKROOT = iphoneos;
				VALIDATE_PRODUCT = YES;
			};
			name = Release;
		};
		2CE73D07B256C18366A224A5 /* Debug */ = {
			isa = XCBuildConfiguration;
			buildSettings = {
				DSTROOT = /tmp/AMQProtocol.dst;
				GCC_PRECOMPILE_PREFIX_HEADER = YES;
				GCC_PREFIX_HEADER = "AMQProtocol/AMQProtocol-Prefix.pch";
				HEADER_SEARCH_PATHS = "$(DEVELOPER_LIBRARY_DIR)/**";
				OTHER_LDFLAGS = "-ObjC";
				PRODUCT_NAME = "$(TARGET_NAME)";
				SKIP_INSTALL = YES;
			};
			name = Debug;
		};
		2CE73DC1D284ACBC54956779 /* Release */ = {
			isa = XCBuildConfiguration;
			buildSettings = {
				FRAMEWORK_SEARCH_PATHS = (
					"\"$(SDKROOT)/Developer/Library/Frameworks\"",
					"\"$(DEVELOPER_LIBRARY_DIR)/Frameworks\"",
				);
				GCC_PRECOMPILE_PREFIX_HEADER = YES;
				GCC_PREFIX_HEADER = "AMQProtocol/AMQProtocol-Prefix.pch";
				INFOPLIST_FILE = "AMQProtocolTests/AMQProtocolTests-Info.plist";
				PRODUCT_NAME = "$(TARGET_NAME)";
				WRAPPER_EXTENSION = octest;
			};
			name = Release;
		};
		2CE73DE41A8E91DD20FD4E4C /* Debug */ = {
			isa = XCBuildConfiguration;
			buildSettings = {
				ALWAYS_SEARCH_USER_PATHS = NO;
				CLANG_CXX_LANGUAGE_STANDARD = "gnu++0x";
				CLANG_CXX_LIBRARY = "libc++";
				CLANG_ENABLE_OBJC_ARC = YES;
				CLANG_WARN_EMPTY_BODY = YES;
				CLANG_WARN__DUPLICATE_METHOD_MATCH = YES;
				COPY_PHASE_STRIP = NO;
				GCC_C_LANGUAGE_STANDARD = gnu99;
				GCC_DYNAMIC_NO_PIC = NO;
				GCC_OPTIMIZATION_LEVEL = 0;
				GCC_PREPROCESSOR_DEFINITIONS = (
					"DEBUG=1",
					"$(inherited)",
				);
				GCC_SYMBOLS_PRIVATE_EXTERN = NO;
				GCC_WARN_ABOUT_RETURN_TYPE = YES;
				GCC_WARN_UNINITIALIZED_AUTOS = YES;
				GCC_WARN_UNUSED_VARIABLE = YES;
				IPHONEOS_DEPLOYMENT_TARGET = 6.0;
				ONLY_ACTIVE_ARCH = YES;
				SDKROOT = iphoneos;
			};
			name = Debug;
		};
/* End XCBuildConfiguration section */

/* Begin XCConfigurationList section */
		2CE7301AA72A43D1E543A474 /* Build configuration list for PBXNativeTarget "AMQProtocolTests" */ = {
			isa = XCConfigurationList;
			buildConfigurations = (
				2CE73DC1D284ACBC54956779 /* Release */,
				2CE73AACA7B7465E6FFC0CC5 /* Debug */,
			);
			defaultConfigurationIsVisible = 0;
			defaultConfigurationName = Release;
		};
		2CE732563236AE64FD2E0ED5 /* Build configuration list for PBXNativeTarget "AMQProtocol" */ = {
			isa = XCConfigurationList;
			buildConfigurations = (
				2CE739861DA5A70DEC3174B5 /* Release */,
				2CE73D07B256C18366A224A5 /* Debug */,
			);
			defaultConfigurationIsVisible = 0;
			defaultConfigurationName = Release;
		};
		2CE73628C343DF3A4DAADF35 /* Build configuration list for PBXProject "AMQProtocol" */ = {
			isa = XCConfigurationList;
			buildConfigurations = (
				2CE73B4081FFB85340E5C3AC /* Release */,
				2CE73DE41A8E91DD20FD4E4C /* Debug */,
			);
			defaultConfigurationIsVisible = 0;
			defaultConfigurationName = Release;
		};
/* End XCConfigurationList section */
	};
	rootObject = 2CE7385B6D219DD6476BBC7A /* Project object */;
}
